
Microsoft Visual Studio Solution File, Format Version 12.00
# Visual Studio Version 16
VisualStudioVersion = 16.0.30309.148
MinimumVisualStudioVersion = 10.0.40219.1
Project("{9A19103F-16F7-4668-BE54-9A1E7A4F7556}") = "grpcExtension", "grpcExtension\grpcExtension.csproj", "{AAF5770C-4F59-40F6-BE24-F3D85D706266}"
EndProject
Global
	GlobalSection(SolutionConfigurationPlatforms) = preSolution
		Debug|Any CPU = Debug|Any CPU
		Release|Any CPU = Release|Any CPU
	EndGlobalSection
	GlobalSection(ProjectConfigurationPlatforms) = postSolution
		{AAF5770C-4F59-40F6-BE24-F3D85D706266}.Debug|Any CPU.ActiveCfg = Debug|Any CPU
		{AAF5770C-4F59-40F6-BE24-F3D85D706266}.Debug|Any CPU.Build.0 = Debug|Any CPU
		{AAF5770C-4F59-40F6-BE24-F3D85D706266}.Release|Any CPU.ActiveCfg = Release|Any CPU
		{AAF5770C-4F59-40F6-BE24-F3D85D706266}.Release|Any CPU.Build.0 = Release|Any CPU
	EndGlobalSection
	GlobalSection(SolutionProperties) = preSolution
		HideSolutionNode = FALSE
	EndGlobalSection
	GlobalSection(ExtensibilityGlobals) = postSolution
		SolutionGuid = {8AE91315-983E-46BA-8482-524699E38A11}
	EndGlobalSection
EndGlobal
