
Microsoft Visual Studio Solution File, Format Version 12.00
# Visual Studio Version 16
VisualStudioVersion = 16.0.30611.23
MinimumVisualStudioVersion = 10.0.40219.1
Project("{9A19103F-16F7-4668-BE54-9A1E7A4F7556}") = "c2d-console-app", "c2d-console-app.csproj", "{2A9BEDBF-740A-4636-9512-5FED69627FD2}"
EndProject
Global
	GlobalSection(SolutionConfigurationPlatforms) = preSolution
		Debug|Any CPU = Debug|Any CPU
		Release|Any CPU = Release|Any CPU
	EndGlobalSection
	GlobalSection(ProjectConfigurationPlatforms) = postSolution
		{2A9BEDBF-740A-4636-9512-5FED69627FD2}.Debug|Any CPU.ActiveCfg = Debug|Any CPU
		{2A9BEDBF-740A-4636-9512-5FED69627FD2}.Debug|Any CPU.Build.0 = Debug|Any CPU
		{2A9BEDBF-740A-4636-9512-5FED69627FD2}.Release|Any CPU.ActiveCfg = Release|Any CPU
		{2A9BEDBF-740A-4636-9512-5FED69627FD2}.Release|Any CPU.Build.0 = Release|Any CPU
	EndGlobalSection
	GlobalSection(SolutionProperties) = preSolution
		HideSolutionNode = FALSE
	EndGlobalSection
	GlobalSection(ExtensibilityGlobals) = postSolution
		SolutionGuid = {53980323-4465-4FA5-88A4-B6BC790AF492}
	EndGlobalSection
EndGlobal
